
Microsoft Visual Studio Solution File, Format Version 12.00
# Visual Studio 14
VisualStudioVersion = 14.0.25420.1
MinimumVisualStudioVersion = 10.0.40219.1
Project("{2150E333-8FDC-42A3-9474-1A3956D46DE8}") = "src", "src", "{D4401FA0-7AB6-4BE9-93F4-FA41EC78AA01}"
EndProject
Project("{2150E333-8FDC-42A3-9474-1A3956D46DE8}") = "Solution Items", "Solution Items", "{096E5965-7183-4C92-A69D-99BA0FFB4BB8}"
	ProjectSection(SolutionItems) = preProject
		global.json = global.json
	EndProjectSection
EndProject
Project("{8BB2217D-0F2D-49D1-97BC-3654ED321F3B}") = "Timelinio", "src\Timelinio\Timelinio.xproj", "{309CC517-8870-4C8D-AE48-EE7ECD9C2CAF}"
EndProject
Project("{2150E333-8FDC-42A3-9474-1A3956D46DE8}") = "Tests", "Tests", "{195F694B-9C82-4D80-B719-0F90B4D7F00B}"
EndProject
Project("{8BB2217D-0F2D-49D1-97BC-3654ED321F3B}") = "Timelinio.Tests", "Timelinio.Tests\Timelinio.Tests.xproj", "{54BDDFC0-F42D-474D-B780-74A90E8F41DC}"
EndProject
Global
	GlobalSection(SolutionConfigurationPlatforms) = preSolution
		Debug|Any CPU = Debug|Any CPU
		Release|Any CPU = Release|Any CPU
	EndGlobalSection
	GlobalSection(ProjectConfigurationPlatforms) = postSolution
		{309CC517-8870-4C8D-AE48-EE7ECD9C2CAF}.Debug|Any CPU.ActiveCfg = Debug|Any CPU
		{309CC517-8870-4C8D-AE48-EE7ECD9C2CAF}.Debug|Any CPU.Build.0 = Debug|Any CPU
		{309CC517-8870-4C8D-AE48-EE7ECD9C2CAF}.Release|Any CPU.ActiveCfg = Release|Any CPU
		{309CC517-8870-4C8D-AE48-EE7ECD9C2CAF}.Release|Any CPU.Build.0 = Release|Any CPU
		{54BDDFC0-F42D-474D-B780-74A90E8F41DC}.Debug|Any CPU.ActiveCfg = Debug|Any CPU
		{54BDDFC0-F42D-474D-B780-74A90E8F41DC}.Debug|Any CPU.Build.0 = Debug|Any CPU
		{54BDDFC0-F42D-474D-B780-74A90E8F41DC}.Release|Any CPU.ActiveCfg = Release|Any CPU
		{54BDDFC0-F42D-474D-B780-74A90E8F41DC}.Release|Any CPU.Build.0 = Release|Any CPU
	EndGlobalSection
	GlobalSection(SolutionProperties) = preSolution
		HideSolutionNode = FALSE
	EndGlobalSection
	GlobalSection(NestedProjects) = preSolution
		{309CC517-8870-4C8D-AE48-EE7ECD9C2CAF} = {D4401FA0-7AB6-4BE9-93F4-FA41EC78AA01}
		{54BDDFC0-F42D-474D-B780-74A90E8F41DC} = {195F694B-9C82-4D80-B719-0F90B4D7F00B}
	EndGlobalSection
EndGlobal
